Microsoft Visual Studio Solution File, Format Version 12.00
# Visual Studio Version 17
VisualStudioVersion = 17.5.2.0
MinimumVisualStudioVersion = 10.0.40219.1
Project("{2150E333-8FDC-42A3-9474-1A3956D46DE8}") = "src", "src", "{827E0CD3-B72D-47B6-A68D-7590B98EB39B}"
EndProject
Project("{2150E333-8FDC-42A3-9474-1A3956D46DE8}") = "Book-Exchange", "Book-Exchange", "{A7403E14-7632-43F1-77C1-229B13251939}"
EndProject
Project("{FAE04EC0-301F-11D3-BF4B-00C04F79EFBC}") = "Book-Exchange", "src\Book-Exchange\Book-Exchange\Book-Exchange.csproj", "{F5EF0BD7-390A-C622-C9CC-46CE8DE78533}"
EndProject
Global
	GlobalSection(SolutionConfigurationPlatforms) = preSolution
		Debug|Any CPU = Debug|Any CPU
		Release|Any CPU = Release|Any CPU
	EndGlobalSection
	GlobalSection(ProjectConfigurationPlatforms) = postSolution
		{F5EF0BD7-390A-C622-C9CC-46CE8DE78533}.Debug|Any CPU.ActiveCfg = Debug|Any CPU
		{F5EF0BD7-390A-C622-C9CC-46CE8DE78533}.Debug|Any CPU.Build.0 = Debug|Any CPU
		{F5EF0BD7-390A-C622-C9CC-46CE8DE78533}.Release|Any CPU.ActiveCfg = Release|Any CPU
		{F5EF0BD7-390A-C622-C9CC-46CE8DE78533}.Release|Any CPU.Build.0 = Release|Any CPU
	EndGlobalSection
	GlobalSection(SolutionProperties) = preSolution
		HideSolutionNode = FALSE
	EndGlobalSection
	GlobalSection(NestedProjects) = preSolution
		{A7403E14-7632-43F1-77C1-229B13251939} = {827E0CD3-B72D-47B6-A68D-7590B98EB39B}
		{F5EF0BD7-390A-C622-C9CC-46CE8DE78533} = {A7403E14-7632-43F1-77C1-229B13251939}
	EndGlobalSection
	GlobalSection(ExtensibilityGlobals) = postSolution
		SolutionGuid = {794535FC-C3EE-4443-A5CA-5DF70BD9CA23}
	EndGlobalSection
EndGlobal
